// !$*UTF8*$!
{
	archiveVersion = 1;
	classes = {
	};
	objectVersion = 56;
	objects = {

/* Begin PBXBuildFile section */
		18F97BA62A4E8ED400240381 /* AppDelegate.swift in Sources */ = {isa = PBXBuildFile; fileRef = 18F97BA52A4E8ED400240381 /* AppDelegate.swift */; };
		18F97BA82A4E8ED400240381 /* SceneDelegate.swift in Sources */ = {isa = PBXBuildFile; fileRef = 18F97BA72A4E8ED400240381 /* SceneDelegate.swift */; };
		18F97BAB2A4E8ED400240381 /* LaunchScreen.storyboard in Resources */ = {isa = PBXBuildFile; fileRef = 18F97BA92A4E8ED400240381 /* LaunchScreen.storyboard */; };
		18F97BAE2A4E8ED400240381 /* Main.storyboard in Resources */ = {isa = PBXBuildFile; fileRef = 18F97BAC2A4E8ED400240381 /* Main.storyboard */; };
		18F97BB72A4E8ED400240381 /* AppDelegate.swift in Sources */ = {isa = PBXBuildFile; fileRef = 18F97BB62A4E8ED400240381 /* AppDelegate.swift */; };
		18F97BBA2A4E8ED400240381 /* Main.storyboard in Resources */ = {isa = PBXBuildFile; fileRef = 18F97BB82A4E8ED400240381 /* Main.storyboard */; };
		18F97BC22A4E8ED400240381 /* TACT to NUCT Extension.appex in Embed Foundation Extensions */ = {isa = PBXBuildFile; fileRef = 18F97BC12A4E8ED400240381 /* TACT to NUCT Extension.appex */; settings = {ATTRIBUTES = (RemoveHeadersOnCopy, ); }; };
		18F97BCC2A4E8ED400240381 /* TACT to NUCT Extension.appex in Embed Foundation Extensions */ = {isa = PBXBuildFile; fileRef = 18F97BCB2A4E8ED400240381 /* TACT to NUCT Extension.appex */; settings = {ATTRIBUTES = (RemoveHeadersOnCopy, ); }; };
		18F97BD22A4E8ED400240381 /* Main.html in Resources */ = {isa = PBXBuildFile; fileRef = 18F97B952A4E8ED200240381 /* Main.html */; };
		18F97BD32A4E8ED400240381 /* Main.html in Resources */ = {isa = PBXBuildFile; fileRef = 18F97B952A4E8ED200240381 /* Main.html */; };
		18F97BD42A4E8ED400240381 /* Icon.png in Resources */ = {isa = PBXBuildFile; fileRef = 18F97B972A4E8ED200240381 /* Icon.png */; };
		18F97BD52A4E8ED400240381 /* Icon.png in Resources */ = {isa = PBXBuildFile; fileRef = 18F97B972A4E8ED200240381 /* Icon.png */; };
		18F97BD62A4E8ED400240381 /* Style.css in Resources */ = {isa = PBXBuildFile; fileRef = 18F97B982A4E8ED200240381 /* Style.css */; };
		18F97BD72A4E8ED400240381 /* Style.css in Resources */ = {isa = PBXBuildFile; fileRef = 18F97B982A4E8ED200240381 /* Style.css */; };
		18F97BD82A4E8ED400240381 /* Script.js in Resources */ = {isa = PBXBuildFile; fileRef = 18F97B992A4E8ED200240381 /* Script.js */; };
		18F97BD92A4E8ED400240381 /* Script.js in Resources */ = {isa = PBXBuildFile; fileRef = 18F97B992A4E8ED200240381 /* Script.js */; };
		18F97BDA2A4E8ED400240381 /* ViewController.swift in Sources */ = {isa = PBXBuildFile; fileRef = 18F97B9A2A4E8ED200240381 /* ViewController.swift */; };
		18F97BDB2A4E8ED400240381 /* ViewController.swift in Sources */ = {isa = PBXBuildFile; fileRef = 18F97B9A2A4E8ED200240381 /* ViewController.swift */; };
		18F97BDC2A4E8ED400240381 /* Assets.xcassets in Resources */ = {isa = PBXBuildFile; fileRef = 18F97B9B2A4E8ED400240381 /* Assets.xcassets */; };
		18F97BDD2A4E8ED400240381 /* Assets.xcassets in Resources */ = {isa = PBXBuildFile; fileRef = 18F97B9B2A4E8ED400240381 /* Assets.xcassets */; };
		18F97BDE2A4E8ED400240381 /* SafariWebExtensionHandler.swift in Sources */ = {isa = PBXBuildFile; fileRef = 18F97B9D2A4E8ED400240381 /* SafariWebExtensionHandler.swift */; };
		18F97BDF2A4E8ED400240381 /* SafariWebExtensionHandler.swift in Sources */ = {isa = PBXBuildFile; fileRef = 18F97B9D2A4E8ED400240381 /* SafariWebExtensionHandler.swift */; };
		18F97BF82A4E8ED400240381 /* icon.png in Resources */ = {isa = PBXBuildFile; fileRef = 18F97BF12A4E8ED400240381 /* icon.png */; };
		18F97BF92A4E8ED400240381 /* LICENSE in Resources */ = {isa = PBXBuildFile; fileRef = 18F97BF22A4E8ED400240381 /* LICENSE */; };
		18F97BFA2A4E8ED400240381 /* popup.html in Resources */ = {isa = PBXBuildFile; fileRef = 18F97BF32A4E8ED400240381 /* popup.html */; };
		18F97BFB2A4E8ED400240381 /* README.md in Resources */ = {isa = PBXBuildFile; fileRef = 18F97BF42A4E8ED400240381 /* README.md */; };
		18F97BFC2A4E8ED400240381 /* manifest.json in Resources */ = {isa = PBXBuildFile; fileRef = 18F97BF52A4E8ED400240381 /* manifest.json */; };
		18F97BFD2A4E8ED400240381 /* content.js in Resources */ = {isa = PBXBuildFile; fileRef = 18F97BF62A4E8ED400240381 /* content.js */; };
		18F97BFF2A4E8ED400240381 /* icon.png in Resources */ = {isa = PBXBuildFile; fileRef = 18F97BF12A4E8ED400240381 /* icon.png */; };
		18F97C002A4E8ED400240381 /* LICENSE in Resources */ = {isa = PBXBuildFile; fileRef = 18F97BF22A4E8ED400240381 /* LICENSE */; };
		18F97C012A4E8ED400240381 /* popup.html in Resources */ = {isa = PBXBuildFile; fileRef = 18F97BF32A4E8ED400240381 /* popup.html */; };
		18F97C022A4E8ED400240381 /* README.md in Resources */ = {isa = PBXBuildFile; fileRef = 18F97BF42A4E8ED400240381 /* README.md */; };
		18F97C032A4E8ED400240381 /* manifest.json in Resources */ = {isa = PBXBuildFile; fileRef = 18F97BF52A4E8ED400240381 /* manifest.json */; };
		18F97C042A4E8ED400240381 /* content.js in Resources */ = {isa = PBXBuildFile; fileRef = 18F97BF62A4E8ED400240381 /* content.js */; };
/* End PBXBuildFile section */

/* Begin PBXContainerItemProxy section */
		18F97BC32A4E8ED400240381 /* PBXContainerItemProxy */ = {
			isa = PBXContainerItemProxy;
			containerPortal = 18F97B8F2A4E8ED100240381 /* Project object */;
			proxyType = 1;
			remoteGlobalIDString = 18F97BC02A4E8ED400240381;
			remoteInfo = "TACT to NUCT Extension (iOS)";
		};
		18F97BCD2A4E8ED400240381 /* PBXContainerItemProxy */ = {
			isa = PBXContainerItemProxy;
			containerPortal = 18F97B8F2A4E8ED100240381 /* Project object */;
			proxyType = 1;
			remoteGlobalIDString = 18F97BCA2A4E8ED400240381;
			remoteInfo = "TACT to NUCT Extension (macOS)";
		};
/* End PBXContainerItemProxy section */

/* Begin PBXCopyFilesBuildPhase section */
		18F97BE52A4E8ED400240381 /* Embed Foundation Extensions */ = {
			isa = PBXCopyFilesBuildPhase;
			buildActionMask = 2147483647;
			dstPath = "";
			dstSubfolderSpec = 13;
			files = (
				18F97BC22A4E8ED400240381 /* TACT to NUCT Extension.appex in Embed Foundation Extensions */,
			);
			name = "Embed Foundation Extensions";
			runOnlyForDeploymentPostprocessing = 0;
		};
		18F97BEC2A4E8ED400240381 /* Embed Foundation Extensions */ = {
			isa = PBXCopyFilesBuildPhase;
			buildActionMask = 2147483647;
			dstPath = "";
			dstSubfolderSpec = 13;
			files = (
				18F97BCC2A4E8ED400240381 /* TACT to NUCT Extension.appex in Embed Foundation Extensions */,
			);
			name = "Embed Foundation Extensions";
			runOnlyForDeploymentPostprocessing = 0;
		};
/* End PBXCopyFilesBuildPhase section */

/* Begin PBXFileReference section */
		18F97B962A4E8ED200240381 /* Base */ = {isa = PBXFileReference; lastKnownFileType = text.html; name = Base; path = ../Base.lproj/Main.html; sourceTree = "<group>"; };
		18F97B972A4E8ED200240381 /* Icon.png */ = {isa = PBXFileReference; lastKnownFileType = image.png; path = Icon.png; sourceTree = "<group>"; };
		18F97B982A4E8ED200240381 /* Style.css */ = {isa = PBXFileReference; lastKnownFileType = text.css; path = Style.css; sourceTree = "<group>"; };
		18F97B992A4E8ED200240381 /* Script.js */ = {isa = PBXFileReference; lastKnownFileType = sourcecode.javascript; path = Script.js; sourceTree = "<group>"; };
		18F97B9A2A4E8ED200240381 /* ViewController.swift */ = {isa = PBXFileReference; lastKnownFileType = sourcecode.swift; path = ViewController.swift; sourceTree = "<group>"; };
		18F97B9B2A4E8ED400240381 /* Assets.xcassets */ = {isa = PBXFileReference; lastKnownFileType = folder.assetcatalog; path = Assets.xcassets; sourceTree = "<group>"; };
		18F97B9D2A4E8ED400240381 /* SafariWebExtensionHandler.swift */ = {isa = PBXFileReference; lastKnownFileType = sourcecode.swift; path = SafariWebExtensionHandler.swift; sourceTree = "<group>"; };
		18F97BA22A4E8ED400240381 /* TACT to NUCT.app */ = {isa = PBXFileReference; explicitFileType = wrapper.application; includeInIndex = 0; path = "TACT to NUCT.app"; sourceTree = BUILT_PRODUCTS_DIR; };
		18F97BA52A4E8ED400240381 /* AppDelegate.swift */ = {isa = PBXFileReference; lastKnownFileType = sourcecode.swift; path = AppDelegate.swift; sourceTree = "<group>"; };
		18F97BA72A4E8ED400240381 /* SceneDelegate.swift */ = {isa = PBXFileReference; lastKnownFileType = sourcecode.swift; path = SceneDelegate.swift; sourceTree = "<group>"; };
		18F97BAA2A4E8ED400240381 /* Base */ = {isa = PBXFileReference; lastKnownFileType = file.storyboard; name = Base; path = Base.lproj/LaunchScreen.storyboard; sourceTree = "<group>"; };
		18F97BAD2A4E8ED400240381 /* Base */ = {isa = PBXFileReference; lastKnownFileType = file.storyboard; name = Base; path = Base.lproj/Main.storyboard; sourceTree = "<group>"; };
		18F97BAF2A4E8ED400240381 /* Info.plist */ = {isa = PBXFileReference; lastKnownFileType = text.plist.xml; path = Info.plist; sourceTree = "<group>"; };
		18F97BB42A4E8ED400240381 /* TACT to NUCT.app */ = {isa = PBXFileReference; explicitFileType = wrapper.application; includeInIndex = 0; path = "TACT to NUCT.app"; sourceTree = BUILT_PRODUCTS_DIR; };
		18F97BB62A4E8ED400240381 /* AppDelegate.swift */ = {isa = PBXFileReference; lastKnownFileType = sourcecode.swift; path = AppDelegate.swift; sourceTree = "<group>"; };
		18F97BB92A4E8ED400240381 /* Base */ = {isa = PBXFileReference; lastKnownFileType = file.storyboard; name = Base; path = Base.lproj/Main.storyboard; sourceTree = "<group>"; };
		18F97BBB2A4E8ED400240381 /* Info.plist */ = {isa = PBXFileReference; lastKnownFileType = text.plist.xml; path = Info.plist; sourceTree = "<group>"; };
		18F97BBC2A4E8ED400240381 /* TACT to NUCT.entitlements */ = {isa = PBXFileReference; lastKnownFileType = text.plist.entitlements; path = "TACT to NUCT.entitlements"; sourceTree = "<group>"; };
		18F97BC12A4E8ED400240381 /* TACT to NUCT Extension.appex */ = {isa = PBXFileReference; explicitFileType = "wrapper.app-extension"; includeInIndex = 0; path = "TACT to NUCT Extension.appex"; sourceTree = BUILT_PRODUCTS_DIR; };
		18F97BC62A4E8ED400240381 /* Info.plist */ = {isa = PBXFileReference; lastKnownFileType = text.plist.xml; path = Info.plist; sourceTree = "<group>"; };
		18F97BCB2A4E8ED400240381 /* TACT to NUCT Extension.appex */ = {isa = PBXFileReference; explicitFileType = "wrapper.app-extension"; includeInIndex = 0; path = "TACT to NUCT Extension.appex"; sourceTree = BUILT_PRODUCTS_DIR; };
		18F97BD02A4E8ED400240381 /* Info.plist */ = {isa = PBXFileReference; lastKnownFileType = text.plist.xml; path = Info.plist; sourceTree = "<group>"; };
		18F97BD12A4E8ED400240381 /* TACT to NUCT.entitlements */ = {isa = PBXFileReference; lastKnownFileType = text.plist.entitlements; path = "TACT to NUCT.entitlements"; sourceTree = "<group>"; };
		18F97BF12A4E8ED400240381 /* icon.png */ = {isa = PBXFileReference; lastKnownFileType = image.png; name = icon.png; path = ../../icon.png; sourceTree = "<group>"; };
		18F97BF22A4E8ED400240381 /* LICENSE */ = {isa = PBXFileReference; lastKnownFileType = text; name = LICENSE; path = ../../LICENSE; sourceTree = "<group>"; };
		18F97BF32A4E8ED400240381 /* popup.html */ = {isa = PBXFileReference; lastKnownFileType = text.html; name = popup.html; path = ../../popup.html; sourceTree = "<group>"; };
		18F97BF42A4E8ED400240381 /* README.md */ = {isa = PBXFileReference; lastKnownFileType = net.daringfireball.markdown; name = README.md; path = ../../README.md; sourceTree = "<group>"; };
		18F97BF52A4E8ED400240381 /* manifest.json */ = {isa = PBXFileReference; lastKnownFileType = text.json; name = manifest.json; path = ../../manifest.json; sourceTree = "<group>"; };
		18F97BF62A4E8ED400240381 /* content.js */ = {isa = PBXFileReference; lastKnownFileType = sourcecode.javascript; name = content.js; path = ../../content.js; sourceTree = "<group>"; };
/* End PBXFileReference section */

/* Begin PBXFrameworksBuildPhase section */
		18F97B9F2A4E8ED400240381 /* Frameworks */ = {
			isa = PBXFrameworksBuildPhase;
			buildActionMask = 2147483647;
			files = (
			);
			runOnlyForDeploymentPostprocessing = 0;
		};
		18F97BB12A4E8ED400240381 /* Frameworks */ = {
			isa = PBXFrameworksBuildPhase;
			buildActionMask = 2147483647;
			files = (
			);
			runOnlyForDeploymentPostprocessing = 0;
		};
		18F97BBE2A4E8ED400240381 /* Frameworks */ = {
			isa = PBXFrameworksBuildPhase;
			buildActionMask = 2147483647;
			files = (
			);
			runOnlyForDeploymentPostprocessing = 0;
		};
		18F97BC82A4E8ED400240381 /* Frameworks */ = {
			isa = PBXFrameworksBuildPhase;
			buildActionMask = 2147483647;
			files = (
			);
			runOnlyForDeploymentPostprocessing = 0;
		};
/* End PBXFrameworksBuildPhase section */

/* Begin PBXGroup section */
		18F97B8E2A4E8ED100240381 = {
			isa = PBXGroup;
			children = (
				18F97B932A4E8ED100240381 /* Shared (App) */,
				18F97B9C2A4E8ED400240381 /* Shared (Extension) */,
				18F97BA42A4E8ED400240381 /* iOS (App) */,
				18F97BB52A4E8ED400240381 /* macOS (App) */,
				18F97BC52A4E8ED400240381 /* iOS (Extension) */,
				18F97BCF2A4E8ED400240381 /* macOS (Extension) */,
				18F97BA32A4E8ED400240381 /* Products */,
			);
			sourceTree = "<group>";
		};
		18F97B932A4E8ED100240381 /* Shared (App) */ = {
			isa = PBXGroup;
			children = (
				18F97B9A2A4E8ED200240381 /* ViewController.swift */,
				18F97B9B2A4E8ED400240381 /* Assets.xcassets */,
				18F97B942A4E8ED200240381 /* Resources */,
			);
			path = "Shared (App)";
			sourceTree = "<group>";
		};
		18F97B942A4E8ED200240381 /* Resources */ = {
			isa = PBXGroup;
			children = (
				18F97B952A4E8ED200240381 /* Main.html */,
				18F97B972A4E8ED200240381 /* Icon.png */,
				18F97B982A4E8ED200240381 /* Style.css */,
				18F97B992A4E8ED200240381 /* Script.js */,
			);
			path = Resources;
			sourceTree = "<group>";
		};
		18F97B9C2A4E8ED400240381 /* Shared (Extension) */ = {
			isa = PBXGroup;
			children = (
				18F97BF02A4E8ED400240381 /* Resources */,
				18F97B9D2A4E8ED400240381 /* SafariWebExtensionHandler.swift */,
			);
			path = "Shared (Extension)";
			sourceTree = "<group>";
		};
		18F97BA32A4E8ED400240381 /* Products */ = {
			isa = PBXGroup;
			children = (
				18F97BA22A4E8ED400240381 /* TACT to NUCT.app */,
				18F97BB42A4E8ED400240381 /* TACT to NUCT.app */,
				18F97BC12A4E8ED400240381 /* TACT to NUCT Extension.appex */,
				18F97BCB2A4E8ED400240381 /* TACT to NUCT Extension.appex */,
			);
			name = Products;
			sourceTree = "<group>";
		};
		18F97BA42A4E8ED400240381 /* iOS (App) */ = {
			isa = PBXGroup;
			children = (
				18F97BA52A4E8ED400240381 /* AppDelegate.swift */,
				18F97BA72A4E8ED400240381 /* SceneDelegate.swift */,
				18F97BA92A4E8ED400240381 /* LaunchScreen.storyboard */,
				18F97BAC2A4E8ED400240381 /* Main.storyboard */,
				18F97BAF2A4E8ED400240381 /* Info.plist */,
			);
			path = "iOS (App)";
			sourceTree = "<group>";
		};
		18F97BB52A4E8ED400240381 /* macOS (App) */ = {
			isa = PBXGroup;
			children = (
				18F97BB62A4E8ED400240381 /* AppDelegate.swift */,
				18F97BB82A4E8ED400240381 /* Main.storyboard */,
				18F97BBB2A4E8ED400240381 /* Info.plist */,
				18F97BBC2A4E8ED400240381 /* TACT to NUCT.entitlements */,
			);
			path = "macOS (App)";
			sourceTree = "<group>";
		};
		18F97BC52A4E8ED400240381 /* iOS (Extension) */ = {
			isa = PBXGroup;
			children = (
				18F97BC62A4E8ED400240381 /* Info.plist */,
			);
			path = "iOS (Extension)";
			sourceTree = "<group>";
		};
		18F97BCF2A4E8ED400240381 /* macOS (Extension) */ = {
			isa = PBXGroup;
			children = (
				18F97BD02A4E8ED400240381 /* Info.plist */,
				18F97BD12A4E8ED400240381 /* TACT to NUCT.entitlements */,
			);
			path = "macOS (Extension)";
			sourceTree = "<group>";
		};
		18F97BF02A4E8ED400240381 /* Resources */ = {
			isa = PBXGroup;
			children = (
				18F97BF12A4E8ED400240381 /* icon.png */,
				18F97BF22A4E8ED400240381 /* LICENSE */,
				18F97BF32A4E8ED400240381 /* popup.html */,
				18F97BF42A4E8ED400240381 /* README.md */,
				18F97BF52A4E8ED400240381 /* manifest.json */,
				18F97BF62A4E8ED400240381 /* content.js */,
			);
			name = Resources;
			path = "Shared (Extension)";
			sourceTree = SOURCE_ROOT;
		};
/* End PBXGroup section */

/* Begin PBXNativeTarget section */
		18F97BA12A4E8ED400240381 /* TACT to NUCT (iOS) */ = {
			isa = PBXNativeTarget;
			buildConfigurationList = 18F97BE62A4E8ED400240381 /* Build configuration list for PBXNativeTarget "TACT to NUCT (iOS)" */;
			buildPhases = (
				18F97B9E2A4E8ED400240381 /* Sources */,
				18F97B9F2A4E8ED400240381 /* Frameworks */,
				18F97BA02A4E8ED400240381 /* Resources */,
				18F97BE52A4E8ED400240381 /* Embed Foundation Extensions */,
			);
			buildRules = (
			);
			dependencies = (
				18F97BC42A4E8ED400240381 /* PBXTargetDependency */,
			);
			name = "TACT to NUCT (iOS)";
			productName = "TACT to NUCT (iOS)";
			productReference = 18F97BA22A4E8ED400240381 /* TACT to NUCT.app */;
			productType = "com.apple.product-type.application";
		};
		18F97BB32A4E8ED400240381 /* TACT to NUCT (macOS) */ = {
			isa = PBXNativeTarget;
			buildConfigurationList = 18F97BED2A4E8ED400240381 /* Build configuration list for PBXNativeTarget "TACT to NUCT (macOS)" */;
			buildPhases = (
				18F97BB02A4E8ED400240381 /* Sources */,
				18F97BB12A4E8ED400240381 /* Frameworks */,
				18F97BB22A4E8ED400240381 /* Resources */,
				18F97BEC2A4E8ED400240381 /* Embed Foundation Extensions */,
			);
			buildRules = (
			);
			dependencies = (
				18F97BCE2A4E8ED400240381 /* PBXTargetDependency */,
			);
			name = "TACT to NUCT (macOS)";
			productName = "TACT to NUCT (macOS)";
			productReference = 18F97BB42A4E8ED400240381 /* TACT to NUCT.app */;
			productType = "com.apple.product-type.application";
		};
		18F97BC02A4E8ED400240381 /* TACT to NUCT Extension (iOS) */ = {
			isa = PBXNativeTarget;
			buildConfigurationList = 18F97BE22A4E8ED400240381 /* Build configuration list for PBXNativeTarget "TACT to NUCT Extension (iOS)" */;
			buildPhases = (
				18F97BBD2A4E8ED400240381 /* Sources */,
				18F97BBE2A4E8ED400240381 /* Frameworks */,
				18F97BBF2A4E8ED400240381 /* Resources */,
			);
			buildRules = (
			);
			dependencies = (
			);
			name = "TACT to NUCT Extension (iOS)";
			productName = "TACT to NUCT Extension (iOS)";
			productReference = 18F97BC12A4E8ED400240381 /* TACT to NUCT Extension.appex */;
			productType = "com.apple.product-type.app-extension";
		};
		18F97BCA2A4E8ED400240381 /* TACT to NUCT Extension (macOS) */ = {
			isa = PBXNativeTarget;
			buildConfigurationList = 18F97BE92A4E8ED400240381 /* Build configuration list for PBXNativeTarget "TACT to NUCT Extension (macOS)" */;
			buildPhases = (
				18F97BC72A4E8ED400240381 /* Sources */,
				18F97BC82A4E8ED400240381 /* Frameworks */,
				18F97BC92A4E8ED400240381 /* Resources */,
			);
			buildRules = (
			);
			dependencies = (
			);
			name = "TACT to NUCT Extension (macOS)";
			productName = "TACT to NUCT Extension (macOS)";
			productReference = 18F97BCB2A4E8ED400240381 /* TACT to NUCT Extension.appex */;
			productType = "com.apple.product-type.app-extension";
		};
/* End PBXNativeTarget section */

/* Begin PBXProject section */
		18F97B8F2A4E8ED100240381 /* Project object */ = {
			isa = PBXProject;
			attributes = {
				BuildIndependentTargetsInParallel = 1;
				LastSwiftUpdateCheck = 1420;
				LastUpgradeCheck = 1420;
				TargetAttributes = {
					18F97BA12A4E8ED400240381 = {
						CreatedOnToolsVersion = 14.2;
					};
					18F97BB32A4E8ED400240381 = {
						CreatedOnToolsVersion = 14.2;
					};
					18F97BC02A4E8ED400240381 = {
						CreatedOnToolsVersion = 14.2;
					};
					18F97BCA2A4E8ED400240381 = {
						CreatedOnToolsVersion = 14.2;
					};
				};
			};
			buildConfigurationList = 18F97B922A4E8ED100240381 /* Build configuration list for PBXProject "TACT to NUCT" */;
			compatibilityVersion = "Xcode 14.0";
			developmentRegion = en;
			hasScannedForEncodings = 0;
			knownRegions = (
				en,
				Base,
			);
			mainGroup = 18F97B8E2A4E8ED100240381;
			productRefGroup = 18F97BA32A4E8ED400240381 /* Products */;
			projectDirPath = "";
			projectRoot = "";
			targets = (
				18F97BA12A4E8ED400240381 /* TACT to NUCT (iOS) */,
				18F97BB32A4E8ED400240381 /* TACT to NUCT (macOS) */,
				18F97BC02A4E8ED400240381 /* TACT to NUCT Extension (iOS) */,
				18F97BCA2A4E8ED400240381 /* TACT to NUCT Extension (macOS) */,
			);
		};
/* End PBXProject section */

/* Begin PBXResourcesBuildPhase section */
		18F97BA02A4E8ED400240381 /* Resources */ = {
			isa = PBXResourcesBuildPhase;
			buildActionMask = 2147483647;
			files = (
				18F97BD42A4E8ED400240381 /* Icon.png in Resources */,
				18F97BAB2A4E8ED400240381 /* LaunchScreen.storyboard in Resources */,
				18F97BD22A4E8ED400240381 /* Main.html in Resources */,
				18F97BD82A4E8ED400240381 /* Script.js in Resources */,
				18F97BDC2A4E8ED400240381 /* Assets.xcassets in Resources */,
				18F97BAE2A4E8ED400240381 /* Main.storyboard in Resources */,
				18F97BD62A4E8ED400240381 /* Style.css in Resources */,
			);
			runOnlyForDeploymentPostprocessing = 0;
		};
		18F97BB22A4E8ED400240381 /* Resources */ = {
			isa = PBXResourcesBuildPhase;
			buildActionMask = 2147483647;
			files = (
				18F97BD52A4E8ED400240381 /* Icon.png in Resources */,
				18F97BD72A4E8ED400240381 /* Style.css in Resources */,
				18F97BBA2A4E8ED400240381 /* Main.storyboard in Resources */,
				18F97BD92A4E8ED400240381 /* Script.js in Resources */,
				18F97BDD2A4E8ED400240381 /* Assets.xcassets in Resources */,
				18F97BD32A4E8ED400240381 /* Main.html in Resources */,
			);
			runOnlyForDeploymentPostprocessing = 0;
		};
		18F97BBF2A4E8ED400240381 /* Resources */ = {
			isa = PBXResourcesBuildPhase;
			buildActionMask = 2147483647;
			files = (
				18F97C042A4E8ED400240381 /* content.js in Resources */,
				18F97C002A4E8ED400240381 /* LICENSE in Resources */,
				18F97C012A4E8ED400240381 /* popup.html in Resources */,
				18F97C032A4E8ED400240381 /* manifest.json in Resources */,
				18F97C022A4E8ED400240381 /* README.md in Resources */,
				18F97BFF2A4E8ED400240381 /* icon.png in Resources */,
			);
			runOnlyForDeploymentPostprocessing = 0;
		};
		18F97BC92A4E8ED400240381 /* Resources */ = {
			isa = PBXResourcesBuildPhase;
			buildActionMask = 2147483647;
			files = (
				18F97BFD2A4E8ED400240381 /* content.js in Resources */,
				18F97BF92A4E8ED400240381 /* LICENSE in Resources */,
				18F97BFA2A4E8ED400240381 /* popup.html in Resources */,
				18F97BFC2A4E8ED400240381 /* manifest.json in Resources */,
				18F97BFB2A4E8ED400240381 /* README.md in Resources */,
				18F97BF82A4E8ED400240381 /* icon.png in Resources */,
			);
			runOnlyForDeploymentPostprocessing = 0;
		};
/* End PBXResourcesBuildPhase section */

/* Begin PBXSourcesBuildPhase section */
		18F97B9E2A4E8ED400240381 /* Sources */ = {
			isa = PBXSourcesBuildPhase;
			buildActionMask = 2147483647;
			files = (
				18F97BDA2A4E8ED400240381 /* ViewController.swift in Sources */,
				18F97BA62A4E8ED400240381 /* AppDelegate.swift in Sources */,
				18F97BA82A4E8ED400240381 /* SceneDelegate.swift in Sources */,
			);
			runOnlyForDeploymentPostprocessing = 0;
		};
		18F97BB02A4E8ED400240381 /* Sources */ = {
			isa = PBXSourcesBuildPhase;
			buildActionMask = 2147483647;
			files = (
				18F97BDB2A4E8ED400240381 /* ViewController.swift in Sources */,
				18F97BB72A4E8ED400240381 /* AppDelegate.swift in Sources */,
			);
			runOnlyForDeploymentPostprocessing = 0;
		};
		18F97BBD2A4E8ED400240381 /* Sources */ = {
			isa = PBXSourcesBuildPhase;
			buildActionMask = 2147483647;
			files = (
				18F97BDE2A4E8ED400240381 /* SafariWebExtensionHandler.swift in Sources */,
			);
			runOnlyForDeploymentPostprocessing = 0;
		};
		18F97BC72A4E8ED400240381 /* Sources */ = {
			isa = PBXSourcesBuildPhase;
			buildActionMask = 2147483647;
			files = (
				18F97BDF2A4E8ED400240381 /* SafariWebExtensionHandler.swift in Sources */,
			);
			runOnlyForDeploymentPostprocessing = 0;
		};
/* End PBXSourcesBuildPhase section */

/* Begin PBXTargetDependency section */
		18F97BC42A4E8ED400240381 /* PBXTargetDependency */ = {
			isa = PBXTargetDependency;
			target = 18F97BC02A4E8ED400240381 /* TACT to NUCT Extension (iOS) */;
			targetProxy = 18F97BC32A4E8ED400240381 /* PBXContainerItemProxy */;
		};
		18F97BCE2A4E8ED400240381 /* PBXTargetDependency */ = {
			isa = PBXTargetDependency;
			target = 18F97BCA2A4E8ED400240381 /* TACT to NUCT Extension (macOS) */;
			targetProxy = 18F97BCD2A4E8ED400240381 /* PBXContainerItemProxy */;
		};
/* End PBXTargetDependency section */

/* Begin PBXVariantGroup section */
		18F97B952A4E8ED200240381 /* Main.html */ = {
			isa = PBXVariantGroup;
			children = (
				18F97B962A4E8ED200240381 /* Base */,
			);
			name = Main.html;
			sourceTree = "<group>";
		};
		18F97BA92A4E8ED400240381 /* LaunchScreen.storyboard */ = {
			isa = PBXVariantGroup;
			children = (
				18F97BAA2A4E8ED400240381 /* Base */,
			);
			name = LaunchScreen.storyboard;
			sourceTree = "<group>";
		};
		18F97BAC2A4E8ED400240381 /* Main.storyboard */ = {
			isa = PBXVariantGroup;
			children = (
				18F97BAD2A4E8ED400240381 /* Base */,
			);
			name = Main.storyboard;
			sourceTree = "<group>";
		};
		18F97BB82A4E8ED400240381 /* Main.storyboard */ = {
			isa = PBXVariantGroup;
			children = (
				18F97BB92A4E8ED400240381 /* Base */,
			);
			name = Main.storyboard;
			sourceTree = "<group>";
		};
/* End PBXVariantGroup section */

/* Begin XCBuildConfiguration section */
		18F97BE02A4E8ED400240381 /* Debug */ = {
			isa = XCBuildConfiguration;
			buildSettings = {
				ALWAYS_SEARCH_USER_PATHS = NO;
				CLANG_ANALYZER_NONNULL = YES;
				CLANG_ANALYZER_NUMBER_OBJECT_CONVERSION = YES_AGGRESSIVE;
				CLANG_CXX_LANGUAGE_STANDARD = "gnu++20";
				CLANG_ENABLE_MODULES = YES;
				CLANG_ENABLE_OBJC_ARC = YES;
				CLANG_ENABLE_OBJC_WEAK = YES;
				CLANG_WARN_BLOCK_CAPTURE_AUTORELEASING = YES;
				CLANG_WARN_BOOL_CONVERSION = YES;
				CLANG_WARN_COMMA = YES;
				CLANG_WARN_CONSTANT_CONVERSION = YES;
				CLANG_WARN_DEPRECATED_OBJC_IMPLEMENTATIONS = YES;
				CLANG_WARN_DIRECT_OBJC_ISA_USAGE = YES_ERROR;
				CLANG_WARN_DOCUMENTATION_COMMENTS = YES;
				CLANG_WARN_EMPTY_BODY = YES;
				CLANG_WARN_ENUM_CONVERSION = YES;
				CLANG_WARN_INFINITE_RECURSION = YES;
				CLANG_WARN_INT_CONVERSION = YES;
				CLANG_WARN_NON_LITERAL_NULL_CONVERSION = YES;
				CLANG_WARN_OBJC_IMPLICIT_RETAIN_SELF = YES;
				CLANG_WARN_OBJC_LITERAL_CONVERSION = YES;
				CLANG_WARN_OBJC_ROOT_CLASS = YES_ERROR;
				CLANG_WARN_QUOTED_INCLUDE_IN_FRAMEWORK_HEADER = YES;
				CLANG_WARN_RANGE_LOOP_ANALYSIS = YES;
				CLANG_WARN_STRICT_PROTOTYPES = YES;
				CLANG_WARN_SUSPICIOUS_MOVE = YES;
				CLANG_WARN_UNGUARDED_AVAILABILITY = YES_AGGRESSIVE;
				CLANG_WARN_UNREACHABLE_CODE = YES;
				CLANG_WARN__DUPLICATE_METHOD_MATCH = YES;
				COPY_PHASE_STRIP = NO;
				DEBUG_INFORMATION_FORMAT = dwarf;
				ENABLE_STRICT_OBJC_MSGSEND = YES;
				ENABLE_TESTABILITY = YES;
				GCC_C_LANGUAGE_STANDARD = gnu11;
				GCC_DYNAMIC_NO_PIC = NO;
				GCC_NO_COMMON_BLOCKS = YES;
				GCC_OPTIMIZATION_LEVEL = 0;
				GCC_PREPROCESSOR_DEFINITIONS = (
					"DEBUG=1",
					"$(inherited)",
				);
				GCC_WARN_64_TO_32_BIT_CONVERSION = YES;
				GCC_WARN_ABOUT_RETURN_TYPE = YES_ERROR;
				GCC_WARN_UNDECLARED_SELECTOR = YES;
				GCC_WARN_UNINITIALIZED_AUTOS = YES_AGGRESSIVE;
				GCC_WARN_UNUSED_FUNCTION = YES;
				GCC_WARN_UNUSED_VARIABLE = YES;
				MTL_ENABLE_DEBUG_INFO = INCLUDE_SOURCE;
				MTL_FAST_MATH = YES;
				ONLY_ACTIVE_ARCH = YES;
				SWIFT_ACTIVE_COMPILATION_CONDITIONS = DEBUG;
				SWIFT_OPTIMIZATION_LEVEL = "-Onone";
			};
			name = Debug;
		};
		18F97BE12A4E8ED400240381 /* Release */ = {
			isa = XCBuildConfiguration;
			buildSettings = {
				ALWAYS_SEARCH_USER_PATHS = NO;
				CLANG_ANALYZER_NONNULL = YES;
				CLANG_ANALYZER_NUMBER_OBJECT_CONVERSION = YES_AGGRESSIVE;
				CLANG_CXX_LANGUAGE_STANDARD = "gnu++20";
				CLANG_ENABLE_MODULES = YES;
				CLANG_ENABLE_OBJC_ARC = YES;
				CLANG_ENABLE_OBJC_WEAK = YES;
				CLANG_WARN_BLOCK_CAPTURE_AUTORELEASING = YES;
				CLANG_WARN_BOOL_CONVERSION = YES;
				CLANG_WARN_COMMA = YES;
				CLANG_WARN_CONSTANT_CONVERSION = YES;
				CLANG_WARN_DEPRECATED_OBJC_IMPLEMENTATIONS = YES;
				CLANG_WARN_DIRECT_OBJC_ISA_USAGE = YES_ERROR;
				CLANG_WARN_DOCUMENTATION_COMMENTS = YES;
				CLANG_WARN_EMPTY_BODY = YES;
				CLANG_WARN_ENUM_CONVERSION = YES;
				CLANG_WARN_INFINITE_RECURSION = YES;
				CLANG_WARN_INT_CONVERSION = YES;
				CLANG_WARN_NON_LITERAL_NULL_CONVERSION = YES;
				CLANG_WARN_OBJC_IMPLICIT_RETAIN_SELF = YES;
				CLANG_WARN_OBJC_LITERAL_CONVERSION = YES;
				CLANG_WARN_OBJC_ROOT_CLASS = YES_ERROR;
				CLANG_WARN_QUOTED_INCLUDE_IN_FRAMEWORK_HEADER = YES;
				CLANG_WARN_RANGE_LOOP_ANALYSIS = YES;
				CLANG_WARN_STRICT_PROTOTYPES = YES;
				CLANG_WARN_SUSPICIOUS_MOVE = YES;
				CLANG_WARN_UNGUARDED_AVAILABILITY = YES_AGGRESSIVE;
				CLANG_WARN_UNREACHABLE_CODE = YES;
				CLANG_WARN__DUPLICATE_METHOD_MATCH = YES;
				COPY_PHASE_STRIP = NO;
				DEBUG_INFORMATION_FORMAT = "dwarf-with-dsym";
				ENABLE_NS_ASSERTIONS = NO;
				ENABLE_STRICT_OBJC_MSGSEND = YES;
				GCC_C_LANGUAGE_STANDARD = gnu11;
				GCC_NO_COMMON_BLOCKS = YES;
				GCC_WARN_64_TO_32_BIT_CONVERSION = YES;
				GCC_WARN_ABOUT_RETURN_TYPE = YES_ERROR;
				GCC_WARN_UNDECLARED_SELECTOR = YES;
				GCC_WARN_UNINITIALIZED_AUTOS = YES_AGGRESSIVE;
				GCC_WARN_UNUSED_FUNCTION = YES;
				GCC_WARN_UNUSED_VARIABLE = YES;
				MTL_ENABLE_DEBUG_INFO = NO;
				MTL_FAST_MATH = YES;
				SWIFT_COMPILATION_MODE = wholemodule;
				SWIFT_OPTIMIZATION_LEVEL = "-O";
			};
			name = Release;
		};
		18F97BE32A4E8ED400240381 /* Debug */ = {
			isa = XCBuildConfiguration;
			buildSettings = {
				CODE_SIGN_STYLE = Automatic;
				CURRENT_PROJECT_VERSION = 1;
				GENERATE_INFOPLIST_FILE = YES;
				INFOPLIST_FILE = "iOS (Extension)/Info.plist";
				INFOPLIST_KEY_CFBundleDisplayName = "TACT to NUCT Extension";
				INFOPLIST_KEY_NSHumanReadableCopyright = "";
				IPHONEOS_DEPLOYMENT_TARGET = 15.0;
				LD_RUNPATH_SEARCH_PATHS = (
					"$(inherited)",
					"@executable_path/Frameworks",
					"@executable_path/../../Frameworks",
				);
				MARKETING_VERSION = 1.0;
				OTHER_LDFLAGS = (
					"-framework",
					SafariServices,
				);
				PRODUCT_BUNDLE_IDENTIFIER = "jp.kushiro-u.TACT-to-NUCT";
				PRODUCT_NAME = "TACT to NUCT Extension";
				SDKROOT = iphoneos;
				SKIP_INSTALL = YES;
				SWIFT_EMIT_LOC_STRINGS = YES;
				SWIFT_VERSION = 5.0;
				TARGETED_DEVICE_FAMILY = "1,2";
			};
			name = Debug;
		};
		18F97BE42A4E8ED400240381 /* Release */ = {
			isa = XCBuildConfiguration;
			buildSettings = {
				CODE_SIGN_STYLE = Automatic;
				CURRENT_PROJECT_VERSION = 1;
				GENERATE_INFOPLIST_FILE = YES;
				INFOPLIST_FILE = "iOS (Extension)/Info.plist";
				INFOPLIST_KEY_CFBundleDisplayName = "TACT to NUCT Extension";
				INFOPLIST_KEY_NSHumanReadableCopyright = "";
				IPHONEOS_DEPLOYMENT_TARGET = 15.0;
				LD_RUNPATH_SEARCH_PATHS = (
					"$(inherited)",
					"@executable_path/Frameworks",
					"@executable_path/../../Frameworks",
				);
				MARKETING_VERSION = 1.0;
				OTHER_LDFLAGS = (
					"-framework",
					SafariServices,
				);
				PRODUCT_BUNDLE_IDENTIFIER = "jp.kushiro-u.TACT-to-NUCT";
				PRODUCT_NAME = "TACT to NUCT Extension";
				SDKROOT = iphoneos;
				SKIP_INSTALL = YES;
				SWIFT_EMIT_LOC_STRINGS = YES;
				SWIFT_VERSION = 5.0;
				TARGETED_DEVICE_FAMILY = "1,2";
				VALIDATE_PRODUCT = YES;
			};
			name = Release;
		};
		18F97BE72A4E8ED400240381 /* Debug */ = {
			isa = XCBuildConfiguration;
			buildSettings = {
				ALWAYS_EMBED_SWIFT_STANDARD_LIBRARIES = YES;
				ASSETCATALOG_COMPILER_APPICON_NAME = AppIcon;
				ASSETCATALOG_COMPILER_GLOBAL_ACCENT_COLOR_NAME = AccentColor;
				CODE_SIGN_STYLE = Automatic;
				CURRENT_PROJECT_VERSION = 1;
				GENERATE_INFOPLIST_FILE = YES;
				INFOPLIST_FILE = "iOS (App)/Info.plist";
				INFOPLIST_KEY_CFBundleDisplayName = "TACT to NUCT";
				INFOPLIST_KEY_UIApplicationSupportsIndirectInputEvents = YES;
				INFOPLIST_KEY_UILaunchStoryboardName = LaunchScreen;
				INFOPLIST_KEY_UIMainStoryboardFile = Main;
				INFOPLIST_KEY_UISupportedInterfaceOrientations = "UIInterfaceOrientationPortrait UIInterfaceOrientationLandscapeLeft UIInterfaceOrientationLandscapeRight";
				INFOPLIST_KEY_UISupportedInterfaceOrientations_iPad = "UIInterfaceOrientationPortrait UIInterfaceOrientationPortraitUpsideDown UIInterfaceOrientationLandscapeLeft UIInterfaceOrientationLandscapeRight";
				IPHONEOS_DEPLOYMENT_TARGET = 15.0;
				LD_RUNPATH_SEARCH_PATHS = (
					"$(inherited)",
					"@executable_path/Frameworks",
				);
				MARKETING_VERSION = 1.0;
				OTHER_LDFLAGS = (
					"-framework",
					SafariServices,
					"-framework",
					WebKit,
				);
				PRODUCT_BUNDLE_IDENTIFIER = "jp.kushiro-u.TACT-to-NUCT";
				PRODUCT_NAME = "TACT to NUCT";
				SDKROOT = iphoneos;
				SWIFT_EMIT_LOC_STRINGS = YES;
				SWIFT_VERSION = 5.0;
				TARGETED_DEVICE_FAMILY = "1,2";
			};
			name = Debug;
		};
		18F97BE82A4E8ED400240381 /* Release */ = {
			isa = XCBuildConfiguration;
			buildSettings = {
				ALWAYS_EMBED_SWIFT_STANDARD_LIBRARIES = YES;
				ASSETCATALOG_COMPILER_APPICON_NAME = AppIcon;
				ASSETCATALOG_COMPILER_GLOBAL_ACCENT_COLOR_NAME = AccentColor;
				CODE_SIGN_STYLE = Automatic;
				CURRENT_PROJECT_VERSION = 1;
				GENERATE_INFOPLIST_FILE = YES;
				INFOPLIST_FILE = "iOS (App)/Info.plist";
				INFOPLIST_KEY_CFBundleDisplayName = "TACT to NUCT";
				INFOPLIST_KEY_UIApplicationSupportsIndirectInputEvents = YES;
				INFOPLIST_KEY_UILaunchStoryboardName = LaunchScreen;
				INFOPLIST_KEY_UIMainStoryboardFile = Main;
				INFOPLIST_KEY_UISupportedInterfaceOrientations = "UIInterfaceOrientationPortrait UIInterfaceOrientationLandscapeLeft UIInterfaceOrientationLandscapeRight";
				INFOPLIST_KEY_UISupportedInterfaceOrientations_iPad = "UIInterfaceOrientationPortrait UIInterfaceOrientationPortraitUpsideDown UIInterfaceOrientationLandscapeLeft UIInterfaceOrientationLandscapeRight";
				IPHONEOS_DEPLOYMENT_TARGET = 15.0;
				LD_RUNPATH_SEARCH_PATHS = (
					"$(inherited)",
					"@executable_path/Frameworks",
				);
				MARKETING_VERSION = 1.0;
				OTHER_LDFLAGS = (
					"-framework",
					SafariServices,
					"-framework",
					WebKit,
				);
				PRODUCT_BUNDLE_IDENTIFIER = "jp.kushiro-u.TACT-to-NUCT";
				PRODUCT_NAME = "TACT to NUCT";
				SDKROOT = iphoneos;
				SWIFT_EMIT_LOC_STRINGS = YES;
				SWIFT_VERSION = 5.0;
				TARGETED_DEVICE_FAMILY = "1,2";
				VALIDATE_PRODUCT = YES;
			};
			name = Release;
		};
		18F97BEA2A4E8ED400240381 /* Debug */ = {
			isa = XCBuildConfiguration;
			buildSettings = {
				CODE_SIGN_ENTITLEMENTS = "macOS (Extension)/TACT to NUCT.entitlements";
				CODE_SIGN_STYLE = Automatic;
				CURRENT_PROJECT_VERSION = 1;
				ENABLE_HARDENED_RUNTIME = YES;
				GENERATE_INFOPLIST_FILE = YES;
				INFOPLIST_FILE = "macOS (Extension)/Info.plist";
				INFOPLIST_KEY_CFBundleDisplayName = "TACT to NUCT Extension";
				INFOPLIST_KEY_NSHumanReadableCopyright = "";
				LD_RUNPATH_SEARCH_PATHS = (
					"$(inherited)",
					"@executable_path/../Frameworks",
					"@executable_path/../../../../Frameworks",
				);
				MACOSX_DEPLOYMENT_TARGET = 10.14;
				MARKETING_VERSION = 1.0;
				OTHER_LDFLAGS = (
					"-framework",
					SafariServices,
				);
				PRODUCT_BUNDLE_IDENTIFIER = "jp.kushiro-u.TACT-to-NUCT";
				PRODUCT_NAME = "TACT to NUCT Extension";
				SDKROOT = macosx;
				SKIP_INSTALL = YES;
				SWIFT_EMIT_LOC_STRINGS = YES;
				SWIFT_VERSION = 5.0;
			};
			name = Debug;
		};
		18F97BEB2A4E8ED400240381 /* Release */ = {
			isa = XCBuildConfiguration;
			buildSettings = {
				CODE_SIGN_ENTITLEMENTS = "macOS (Extension)/TACT to NUCT.entitlements";
				CODE_SIGN_STYLE = Automatic;
				CURRENT_PROJECT_VERSION = 1;
				ENABLE_HARDENED_RUNTIME = YES;
				GENERATE_INFOPLIST_FILE = YES;
				INFOPLIST_FILE = "macOS (Extension)/Info.plist";
				INFOPLIST_KEY_CFBundleDisplayName = "TACT to NUCT Extension";
				INFOPLIST_KEY_NSHumanReadableCopyright = "";
				LD_RUNPATH_SEARCH_PATHS = (
					"$(inherited)",
					"@executable_path/../Frameworks",
					"@executable_path/../../../../Frameworks",
				);
				MACOSX_DEPLOYMENT_TARGET = 10.14;
				MARKETING_VERSION = 1.0;
				OTHER_LDFLAGS = (
					"-framework",
					SafariServices,
				);
				PRODUCT_BUNDLE_IDENTIFIER = "jp.kushiro-u.TACT-to-NUCT";
				PRODUCT_NAME = "TACT to NUCT Extension";
				SDKROOT = macosx;
				SKIP_INSTALL = YES;
				SWIFT_EMIT_LOC_STRINGS = YES;
				SWIFT_VERSION = 5.0;
			};
			name = Release;
		};
		18F97BEE2A4E8ED400240381 /* Debug */ = {
			isa = XCBuildConfiguration;
			buildSettings = {
				ALWAYS_EMBED_SWIFT_STANDARD_LIBRARIES = YES;
				ASSETCATALOG_COMPILER_APPICON_NAME = AppIcon;
				ASSETCATALOG_COMPILER_GLOBAL_ACCENT_COLOR_NAME = AccentColor;
				CODE_SIGN_ENTITLEMENTS = "macOS (App)/TACT to NUCT.entitlements";
				CODE_SIGN_STYLE = Automatic;
				CURRENT_PROJECT_VERSION = 1;
				ENABLE_HARDENED_RUNTIME = YES;
				GENERATE_INFOPLIST_FILE = YES;
				INFOPLIST_FILE = "macOS (App)/Info.plist";
				INFOPLIST_KEY_CFBundleDisplayName = "TACT to NUCT";
				INFOPLIST_KEY_NSMainStoryboardFile = Main;
				INFOPLIST_KEY_NSPrincipalClass = NSApplication;
				LD_RUNPATH_SEARCH_PATHS = (
					"$(inherited)",
					"@executable_path/../Frameworks",
				);
				MACOSX_DEPLOYMENT_TARGET = 10.14;
				MARKETING_VERSION = 1.0;
				OTHER_LDFLAGS = (
					"-framework",
					SafariServices,
					"-framework",
					WebKit,
				);
				PRODUCT_BUNDLE_IDENTIFIER = "jp.kushiro-u.TACT-to-NUCT";
				PRODUCT_NAME = "TACT to NUCT";
				SDKROOT = macosx;
				SWIFT_EMIT_LOC_STRINGS = YES;
				SWIFT_VERSION = 5.0;
			};
			name = Debug;
		};
		18F97BEF2A4E8ED400240381 /* Release */ = {
			isa = XCBuildConfiguration;
			buildSettings = {
				ALWAYS_EMBED_SWIFT_STANDARD_LIBRARIES = YES;
				ASSETCATALOG_COMPILER_APPICON_NAME = AppIcon;
				ASSETCATALOG_COMPILER_GLOBAL_ACCENT_COLOR_NAME = AccentColor;
				CODE_SIGN_ENTITLEMENTS = "macOS (App)/TACT to NUCT.entitlements";
				CODE_SIGN_STYLE = Automatic;
				CURRENT_PROJECT_VERSION = 1;
				ENABLE_HARDENED_RUNTIME = YES;
				GENERATE_INFOPLIST_FILE = YES;
				INFOPLIST_FILE = "macOS (App)/Info.plist";
				INFOPLIST_KEY_CFBundleDisplayName = "TACT to NUCT";
				INFOPLIST_KEY_NSMainStoryboardFile = Main;
				INFOPLIST_KEY_NSPrincipalClass = NSApplication;
				LD_RUNPATH_SEARCH_PATHS = (
					"$(inherited)",
					"@executable_path/../Frameworks",
				);
				MACOSX_DEPLOYMENT_TARGET = 10.14;
				MARKETING_VERSION = 1.0;
				OTHER_LDFLAGS = (
					"-framework",
					SafariServices,
					"-framework",
					WebKit,
				);
				PRODUCT_BUNDLE_IDENTIFIER = "jp.kushiro-u.TACT-to-NUCT";
				PRODUCT_NAME = "TACT to NUCT";
				SDKROOT = macosx;
				SWIFT_EMIT_LOC_STRINGS = YES;
				SWIFT_VERSION = 5.0;
			};
			name = Release;
		};
/* End XCBuildConfiguration section */

/* Begin XCConfigurationList section */
		18F97B922A4E8ED100240381 /* Build configuration list for PBXProject "TACT to NUCT" */ = {
			isa = XCConfigurationList;
			buildConfigurations = (
				18F97BE02A4E8ED400240381 /* Debug */,
				18F97BE12A4E8ED400240381 /* Release */,
			);
			defaultConfigurationIsVisible = 0;
			defaultConfigurationName = Release;
		};
		18F97BE22A4E8ED400240381 /* Build configuration list for PBXNativeTarget "TACT to NUCT Extension (iOS)" */ = {
			isa = XCConfigurationList;
			buildConfigurations = (
				18F97BE32A4E8ED400240381 /* Debug */,
				18F97BE42A4E8ED400240381 /* Release */,
			);
			defaultConfigurationIsVisible = 0;
			defaultConfigurationName = Release;
		};
		18F97BE62A4E8ED400240381 /* Build configuration list for PBXNativeTarget "TACT to NUCT (iOS)" */ = {
			isa = XCConfigurationList;
			buildConfigurations = (
				18F97BE72A4E8ED400240381 /* Debug */,
				18F97BE82A4E8ED400240381 /* Release */,
			);
			defaultConfigurationIsVisible = 0;
			defaultConfigurationName = Release;
		};
		18F97BE92A4E8ED400240381 /* Build configuration list for PBXNativeTarget "TACT to NUCT Extension (macOS)" */ = {
			isa = XCConfigurationList;
			buildConfigurations = (
				18F97BEA2A4E8ED400240381 /* Debug */,
				18F97BEB2A4E8ED400240381 /* Release */,
			);
			defaultConfigurationIsVisible = 0;
			defaultConfigurationName = Release;
		};
		18F97BED2A4E8ED400240381 /* Build configuration list for PBXNativeTarget "TACT to NUCT (macOS)" */ = {
			isa = XCConfigurationList;
			buildConfigurations = (
				18F97BEE2A4E8ED400240381 /* Debug */,
				18F97BEF2A4E8ED400240381 /* Release */,
			);
			defaultConfigurationIsVisible = 0;
			defaultConfigurationName = Release;
		};
/* End XCConfigurationList section */
	};
	rootObject = 18F97B8F2A4E8ED100240381 /* Project object */;
}
